
Microsoft Visual Studio Solution File, Format Version 12.00
# Visual Studio Version 16
VisualStudioVersion = 16.0.32407.337
MinimumVisualStudioVersion = 10.0.40219.1
Project("{8BC9CEB8-8B4A-11D0-8D11-00A0C91BC942}") = "Pon", "Pon\Pon.vcxproj", "{902A8D90-2CA9-43AD-9906-F065569C42FE}"
EndProject
Global
	GlobalSection(SolutionConfigurationPlatforms) = preSolution
		Debug|x64 = Debug|x64
		Release|x64 = Release|x64
	EndGlobalSection
	GlobalSection(ProjectConfigurationPlatforms) = postSolution
		{902A8D90-2CA9-43AD-9906-F065569C42FE}.Debug|x64.ActiveCfg = Debug|x64
		{902A8D90-2CA9-43AD-9906-F065569C42FE}.Debug|x64.Build.0 = Debug|x64
		{902A8D90-2CA9-43AD-9906-F065569C42FE}.Release|x64.ActiveCfg = Release|x64
		{902A8D90-2CA9-43AD-9906-F065569C42FE}.Release|x64.Build.0 = Release|x64
	EndGlobalSection
	GlobalSection(SolutionProperties) = preSolution
		HideSolutionNode = FALSE
	EndGlobalSection
	GlobalSection(ExtensibilityGlobals) = postSolution
		SolutionGuid = {50D8BEFD-98FB-4154-ADDF-EDCCFBFB64C3}
	EndGlobalSection
EndGlobal
